// !$*UTF8*$!
{
	archiveVersion = 1;
	classes = {
	};
	objectVersion = 48;
	objects = {

/* Begin PBXBuildFile section */
		31BA0ACE20171E8600FB81CE /* AppDelegate.swift in Sources */ = {isa = PBXBuildFile; fileRef = 31BA0ACD20171E8600FB81CE /* AppDelegate.swift */; };
		31BA0AD020171E8600FB81CE /* MainVC.swift in Sources */ = {isa = PBXBuildFile; fileRef = 31BA0ACF20171E8600FB81CE /* MainVC.swift */; };
		31BA0AD320171E8600FB81CE /* Main.storyboard in Resources */ = {isa = PBXBuildFile; fileRef = 31BA0AD120171E8600FB81CE /* Main.storyboard */; };
		31BA0AD620171E8600FB81CE /* Dice_App.xcdatamodeld in Sources */ = {isa = PBXBuildFile; fileRef = 31BA0AD420171E8600FB81CE /* Dice_App.xcdatamodeld */; };
		31BA0AD820171E8600FB81CE /* Assets.xcassets in Resources */ = {isa = PBXBuildFile; fileRef = 31BA0AD720171E8600FB81CE /* Assets.xcassets */; };
		31BA0ADB20171E8600FB81CE /* LaunchScreen.storyboard in Resources */ = {isa = PBXBuildFile; fileRef = 31BA0AD920171E8600FB81CE /* LaunchScreen.storyboard */; };
		31BA0AE620171E8600FB81CE /* Dice_AppTests.swift in Sources */ = {isa = PBXBuildFile; fileRef = 31BA0AE520171E8600FB81CE /* Dice_AppTests.swift */; };
		31BA0AF22017CBA200FB81CE /* BorderButton.swift in Sources */ = {isa = PBXBuildFile; fileRef = 31BA0AF12017CBA200FB81CE /* BorderButton.swift */; };
		31BA0AF52018BE3400FB81CE /* diceRoll.mp3 in Resources */ = {isa = PBXBuildFile; fileRef = 31BA0AF42018BE3400FB81CE /* diceRoll.mp3 */; };
/* End PBXBuildFile section */

/* Begin PBXContainerItemProxy section */
		31BA0AE220171E8600FB81CE /* PBXContainerItemProxy */ = {
			isa = PBXContainerItemProxy;
			containerPortal = 31BA0AC220171E8600FB81CE /* Project object */;
			proxyType = 1;
			remoteGlobalIDString = 31BA0AC920171E8600FB81CE;
			remoteInfo = "Dice App";
		};
/* End PBXContainerItemProxy section */

/* Begin PBXFileReference section */
		31BA0ACA20171E8600FB81CE /* Dice App.app */ = {isa = PBXFileReference; explicitFileType = wrapper.application; includeInIndex = 0; path = "Dice App.app"; sourceTree = BUILT_PRODUCTS_DIR; };
		31BA0ACD20171E8600FB81CE /* AppDelegate.swift */ = {isa = PBXFileReference; lastKnownFileType = sourcecode.swift; path = AppDelegate.swift; sourceTree = "<group>"; };
		31BA0ACF20171E8600FB81CE /* MainVC.swift */ = {isa = PBXFileReference; lastKnownFileType = sourcecode.swift; path = MainVC.swift; sourceTree = "<group>"; };
		31BA0AD220171E8600FB81CE /* Base */ = {isa = PBXFileReference; lastKnownFileType = file.storyboard; name = Base; path = Base.lproj/Main.storyboard; sourceTree = "<group>"; };
		31BA0AD520171E8600FB81CE /* Dice_App.xcdatamodel */ = {isa = PBXFileReference; lastKnownFileType = wrapper.xcdatamodel; path = Dice_App.xcdatamodel; sourceTree = "<group>"; };
		31BA0AD720171E8600FB81CE /* Assets.xcassets */ = {isa = PBXFileReference; lastKnownFileType = folder.assetcatalog; path = Assets.xcassets; sourceTree = "<group>"; };
		31BA0ADA20171E8600FB81CE /* Base */ = {isa = PBXFileReference; lastKnownFileType = file.storyboard; name = Base; path = Base.lproj/LaunchScreen.storyboard; sourceTree = "<group>"; };
		31BA0ADC20171E8600FB81CE /* Info.plist */ = {isa = PBXFileReference; lastKnownFileType = text.plist.xml; path = Info.plist; sourceTree = "<group>"; };
		31BA0AE120171E8600FB81CE /* Dice AppTests.xctest */ = {isa = PBXFileReference; explicitFileType = wrapper.cfbundle; includeInIndex = 0; path = "Dice AppTests.xctest"; sourceTree = BUILT_PRODUCTS_DIR; };
		31BA0AE520171E8600FB81CE /* Dice_AppTests.swift */ = {isa = PBXFileReference; lastKnownFileType = sourcecode.swift; path = Dice_AppTests.swift; sourceTree = "<group>"; };
		31BA0AE720171E8600FB81CE /* Info.plist */ = {isa = PBXFileReference; lastKnownFileType = text.plist.xml; path = Info.plist; sourceTree = "<group>"; };
		31BA0AF12017CBA200FB81CE /* BorderButton.swift */ = {isa = PBXFileReference; lastKnownFileType = sourcecode.swift; path = BorderButton.swift; sourceTree = "<group>"; };
		31BA0AF42018BE3400FB81CE /* diceRoll.mp3 */ = {isa = PBXFileReference; lastKnownFileType = audio.mp3; path = diceRoll.mp3; sourceTree = "<group>"; };
/* End PBXFileReference section */

/* Begin PBXFrameworksBuildPhase section */
		31BA0AC720171E8600FB81CE /* Frameworks */ = {
			isa = PBXFrameworksBuildPhase;
			buildActionMask = 2147483647;
			files = (
			);
			runOnlyForDeploymentPostprocessing = 0;
		};
		31BA0ADE20171E8600FB81CE /* Frameworks */ = {
			isa = PBXFrameworksBuildPhase;
			buildActionMask = 2147483647;
			files = (
			);
			runOnlyForDeploymentPostprocessing = 0;
		};
/* End PBXFrameworksBuildPhase section */

/* Begin PBXGroup section */
		31BA0AC120171E8600FB81CE = {
			isa = PBXGroup;
			children = (
				31BA0ACC20171E8600FB81CE /* Dice App */,
				31BA0AE420171E8600FB81CE /* Dice AppTests */,
				31BA0ACB20171E8600FB81CE /* Products */,
			);
			sourceTree = "<group>";
		};
		31BA0ACB20171E8600FB81CE /* Products */ = {
			isa = PBXGroup;
			children = (
				31BA0ACA20171E8600FB81CE /* Dice App.app */,
				31BA0AE120171E8600FB81CE /* Dice AppTests.xctest */,
			);
			name = Products;
			sourceTree = "<group>";
		};
		31BA0ACC20171E8600FB81CE /* Dice App */ = {
			isa = PBXGroup;
			children = (
				31BA0AF32017CD1400FB81CE /* Controller */,
				31BA0AF02017CB7800FB81CE /* View */,
				31BA0ACD20171E8600FB81CE /* AppDelegate.swift */,
				31BA0AD120171E8600FB81CE /* Main.storyboard */,
				31BA0AF42018BE3400FB81CE /* diceRoll.mp3 */,
				31BA0AD720171E8600FB81CE /* Assets.xcassets */,
				31BA0AD920171E8600FB81CE /* LaunchScreen.storyboard */,
				31BA0ADC20171E8600FB81CE /* Info.plist */,
				31BA0AD420171E8600FB81CE /* Dice_App.xcdatamodeld */,
			);
			path = "Dice App";
			sourceTree = "<group>";
		};
		31BA0AE420171E8600FB81CE /* Dice AppTests */ = {
			isa = PBXGroup;
			children = (
				31BA0AE520171E8600FB81CE /* Dice_AppTests.swift */,
				31BA0AE720171E8600FB81CE /* Info.plist */,
			);
			path = "Dice AppTests";
			sourceTree = "<group>";
		};
		31BA0AF02017CB7800FB81CE /* View */ = {
			isa = PBXGroup;
			children = (
				31BA0AF12017CBA200FB81CE /* BorderButton.swift */,
			);
			path = View;
			sourceTree = "<group>";
		};
		31BA0AF32017CD1400FB81CE /* Controller */ = {
			isa = PBXGroup;
			children = (
				31BA0ACF20171E8600FB81CE /* MainVC.swift */,
			);
			path = Controller;
			sourceTree = "<group>";
		};
/* End PBXGroup section */

/* Begin PBXNativeTarget section */
		31BA0AC920171E8600FB81CE /* Dice App */ = {
			isa = PBXNativeTarget;
			buildConfigurationList = 31BA0AEA20171E8600FB81CE /* Build configuration list for PBXNativeTarget "Dice App" */;
			buildPhases = (
				31BA0AC620171E8600FB81CE /* Sources */,
				31BA0AC720171E8600FB81CE /* Frameworks */,
				31BA0AC820171E8600FB81CE /* Resources */,
			);
			buildRules = (
			);
			dependencies = (
			);
			name = "Dice App";
			productName = "Dice App";
			productReference = 31BA0ACA20171E8600FB81CE /* Dice App.app */;
			productType = "com.apple.product-type.application";
		};
		31BA0AE020171E8600FB81CE /* Dice AppTests */ = {
			isa = PBXNativeTarget;
			buildConfigurationList = 31BA0AED20171E8600FB81CE /* Build configuration list for PBXNativeTarget "Dice AppTests" */;
			buildPhases = (
				31BA0ADD20171E8600FB81CE /* Sources */,
				31BA0ADE20171E8600FB81CE /* Frameworks */,
				31BA0ADF20171E8600FB81CE /* Resources */,
			);
			buildRules = (
			);
			dependencies = (
				31BA0AE320171E8600FB81CE /* PBXTargetDependency */,
			);
			name = "Dice AppTests";
			productName = "Dice AppTests";
			productReference = 31BA0AE120171E8600FB81CE /* Dice AppTests.xctest */;
			productType = "com.apple.product-type.bundle.unit-test";
		};
/* End PBXNativeTarget section */

/* Begin PBXProject section */
		31BA0AC220171E8600FB81CE /* Project object */ = {
			isa = PBXProject;
			attributes = {
				LastSwiftUpdateCheck = 0920;
				LastUpgradeCheck = 0920;
				ORGANIZATIONNAME = "Ahmed Abuelmagd";
				TargetAttributes = {
					31BA0AC920171E8600FB81CE = {
						CreatedOnToolsVersion = 9.2;
						ProvisioningStyle = Automatic;
					};
					31BA0AE020171E8600FB81CE = {
						CreatedOnToolsVersion = 9.2;
						ProvisioningStyle = Automatic;
						TestTargetID = 31BA0AC920171E8600FB81CE;
					};
				};
			};
			buildConfigurationList = 31BA0AC520171E8600FB81CE /* Build configuration list for PBXProject "Dice App" */;
			compatibilityVersion = "Xcode 8.0";
			developmentRegion = en;
			hasScannedForEncodings = 0;
			knownRegions = (
				en,
				Base,
			);
			mainGroup = 31BA0AC120171E8600FB81CE;
			productRefGroup = 31BA0ACB20171E8600FB81CE /* Products */;
			projectDirPath = "";
			projectRoot = "";
			targets = (
				31BA0AC920171E8600FB81CE /* Dice App */,
				31BA0AE020171E8600FB81CE /* Dice AppTests */,
			);
		};
/* End PBXProject section */

/* Begin PBXResourcesBuildPhase section */
		31BA0AC820171E8600FB81CE /* Resources */ = {
			isa = PBXResourcesBuildPhase;
			buildActionMask = 2147483647;
			files = (
				31BA0AF52018BE3400FB81CE /* diceRoll.mp3 in Resources */,
				31BA0ADB20171E8600FB81CE /* LaunchScreen.storyboard in Resources */,
				31BA0AD820171E8600FB81CE /* Assets.xcassets in Resources */,
				31BA0AD320171E8600FB81CE /* Main.storyboard in Resources */,
			);
			runOnlyForDeploymentPostprocessing = 0;
		};
		31BA0ADF20171E8600FB81CE /* Resources */ = {
			isa = PBXResourcesBuildPhase;
			buildActionMask = 2147483647;
			files = (
			);
			runOnlyForDeploymentPostprocessing = 0;
		};
/* End PBXResourcesBuildPhase section */

/* Begin PBXSourcesBuildPhase section */
		31BA0AC620171E8600FB81CE /* Sources */ = {
			isa = PBXSourcesBuildPhase;
			buildActionMask = 2147483647;
			files = (
				31BA0AD620171E8600FB81CE /* Dice_App.xcdatamodeld in Sources */,
				31BA0AD020171E8600FB81CE /* MainVC.swift in Sources */,
				31BA0ACE20171E8600FB81CE /* AppDelegate.swift in Sources */,
				31BA0AF22017CBA200FB81CE /* BorderButton.swift in Sources */,
			);
			runOnlyForDeploymentPostprocessing = 0;
		};
		31BA0ADD20171E8600FB81CE /* Sources */ = {
			isa = PBXSourcesBuildPhase;
			buildActionMask = 2147483647;
			files = (
				31BA0AE620171E8600FB81CE /* Dice_AppTests.swift in Sources */,
			);
			runOnlyForDeploymentPostprocessing = 0;
		};
/* End PBXSourcesBuildPhase section */

/* Begin PBXTargetDependency section */
		31BA0AE320171E8600FB81CE /* PBXTargetDependency */ = {
			isa = PBXTargetDependency;
			target = 31BA0AC920171E8600FB81CE /* Dice App */;
			targetProxy = 31BA0AE220171E8600FB81CE /* PBXContainerItemProxy */;
		};
/* End PBXTargetDependency section */

/* Begin PBXVariantGroup section */
		31BA0AD120171E8600FB81CE /* Main.storyboard */ = {
			isa = PBXVariantGroup;
			children = (
				31BA0AD220171E8600FB81CE /* Base */,
			);
			name = Main.storyboard;
			sourceTree = "<group>";
		};
		31BA0AD920171E8600FB81CE /* LaunchScreen.storyboard */ = {
			isa = PBXVariantGroup;
			children = (
				31BA0ADA20171E8600FB81CE /* Base */,
			);
			name = LaunchScreen.storyboard;
			sourceTree = "<group>";
		};
/* End PBXVariantGroup section */

/* Begin XCBuildConfiguration section */
		31BA0AE820171E8600FB81CE /* Debug */ = {
			isa = XCBuildConfiguration;
			buildSettings = {
				ALWAYS_SEARCH_USER_PATHS = NO;
				CLANG_ANALYZER_NONNULL = YES;
				CLANG_ANALYZER_NUMBER_OBJECT_CONVERSION = YES_AGGRESSIVE;
				CLANG_CXX_LANGUAGE_STANDARD = "gnu++14";
				CLANG_CXX_LIBRARY = "libc++";
				CLANG_ENABLE_MODULES = YES;
				CLANG_ENABLE_OBJC_ARC = YES;
				CLANG_WARN_BLOCK_CAPTURE_AUTORELEASING = YES;
				CLANG_WARN_BOOL_CONVERSION = YES;
				CLANG_WARN_COMMA = YES;
				CLANG_WARN_CONSTANT_CONVERSION = YES;
				CLANG_WARN_DIRECT_OBJC_ISA_USAGE = YES_ERROR;
				CLANG_WARN_DOCUMENTATION_COMMENTS = YES;
				CLANG_WARN_EMPTY_BODY = YES;
				CLANG_WARN_ENUM_CONVERSION = YES;
				CLANG_WARN_INFINITE_RECURSION = YES;
				CLANG_WARN_INT_CONVERSION = YES;
				CLANG_WARN_NON_LITERAL_NULL_CONVERSION = YES;
				CLANG_WARN_OBJC_LITERAL_CONVERSION = YES;
				CLANG_WARN_OBJC_ROOT_CLASS = YES_ERROR;
				CLANG_WARN_RANGE_LOOP_ANALYSIS = YES;
				CLANG_WARN_STRICT_PROTOTYPES = YES;
				CLANG_WARN_SUSPICIOUS_MOVE = YES;
				CLANG_WARN_UNGUARDED_AVAILABILITY = YES_AGGRESSIVE;
				CLANG_WARN_UNREACHABLE_CODE = YES;
				CLANG_WARN__DUPLICATE_METHOD_MATCH = YES;
				CODE_SIGN_IDENTITY = "iPhone Developer";
				COPY_PHASE_STRIP = NO;
				DEBUG_INFORMATION_FORMAT = dwarf;
				ENABLE_STRICT_OBJC_MSGSEND = YES;
				ENABLE_TESTABILITY = YES;
				GCC_C_LANGUAGE_STANDARD = gnu11;
				GCC_DYNAMIC_NO_PIC = NO;
				GCC_NO_COMMON_BLOCKS = YES;
				GCC_OPTIMIZATION_LEVEL = 0;
				GCC_PREPROCESSOR_DEFINITIONS = (
					"DEBUG=1",
					"$(inherited)",
				);
				GCC_WARN_64_TO_32_BIT_CONVERSION = YES;
				GCC_WARN_ABOUT_RETURN_TYPE = YES_ERROR;
				GCC_WARN_UNDECLARED_SELECTOR = YES;
				GCC_WARN_UNINITIALIZED_AUTOS = YES_AGGRESSIVE;
				GCC_WARN_UNUSED_FUNCTION = YES;
				GCC_WARN_UNUSED_VARIABLE = YES;
				IPHONEOS_DEPLOYMENT_TARGET = 11.2;
				MTL_ENABLE_DEBUG_INFO = YES;
				ONLY_ACTIVE_ARCH = YES;
				SDKROOT = iphoneos;
				SWIFT_ACTIVE_COMPILATION_CONDITIONS = DEBUG;
				SWIFT_OPTIMIZATION_LEVEL = "-Onone";
			};
			name = Debug;
		};
		31BA0AE920171E8600FB81CE /* Release */ = {
			isa = XCBuildConfiguration;
			buildSettings = {
				ALWAYS_SEARCH_USER_PATHS = NO;
				CLANG_ANALYZER_NONNULL = YES;
				CLANG_ANALYZER_NUMBER_OBJECT_CONVERSION = YES_AGGRESSIVE;
				CLANG_CXX_LANGUAGE_STANDARD = "gnu++14";
				CLANG_CXX_LIBRARY = "libc++";
				CLANG_ENABLE_MODULES = YES;
				CLANG_ENABLE_OBJC_ARC = YES;
				CLANG_WARN_BLOCK_CAPTURE_AUTORELEASING = YES;
				CLANG_WARN_BOOL_CONVERSION = YES;
				CLANG_WARN_COMMA = YES;
				CLANG_WARN_CONSTANT_CONVERSION = YES;
				CLANG_WARN_DIRECT_OBJC_ISA_USAGE = YES_ERROR;
				CLANG_WARN_DOCUMENTATION_COMMENTS = YES;
				CLANG_WARN_EMPTY_BODY = YES;
				CLANG_WARN_ENUM_CONVERSION = YES;
				CLANG_WARN_INFINITE_RECURSION = YES;
				CLANG_WARN_INT_CONVERSION = YES;
				CLANG_WARN_NON_LITERAL_NULL_CONVERSION = YES;
				CLANG_WARN_OBJC_LITERAL_CONVERSION = YES;
				CLANG_WARN_OBJC_ROOT_CLASS = YES_ERROR;
				CLANG_WARN_RANGE_LOOP_ANALYSIS = YES;
				CLANG_WARN_STRICT_PROTOTYPES = YES;
				CLANG_WARN_SUSPICIOUS_MOVE = YES;
				CLANG_WARN_UNGUARDED_AVAILABILITY = YES_AGGRESSIVE;
				CLANG_WARN_UNREACHABLE_CODE = YES;
				CLANG_WARN__DUPLICATE_METHOD_MATCH = YES;
				CODE_SIGN_IDENTITY = "iPhone Developer";
				COPY_PHASE_STRIP = NO;
				DEBUG_INFORMATION_FORMAT = "dwarf-with-dsym";
				ENABLE_NS_ASSERTIONS = NO;
				ENABLE_STRICT_OBJC_MSGSEND = YES;
				GCC_C_LANGUAGE_STANDARD = gnu11;
				GCC_NO_COMMON_BLOCKS = YES;
				GCC_WARN_64_TO_32_BIT_CONVERSION = YES;
				GCC_WARN_ABOUT_RETURN_TYPE = YES_ERROR;
				GCC_WARN_UNDECLARED_SELECTOR = YES;
				GCC_WARN_UNINITIALIZED_AUTOS = YES_AGGRESSIVE;
				GCC_WARN_UNUSED_FUNCTION = YES;
				GCC_WARN_UNUSED_VARIABLE = YES;
				IPHONEOS_DEPLOYMENT_TARGET = 11.2;
				MTL_ENABLE_DEBUG_INFO = NO;
				SDKROOT = iphoneos;
				SWIFT_OPTIMIZATION_LEVEL = "-Owholemodule";
				VALIDATE_PRODUCT = YES;
			};
			name = Release;
		};
		31BA0AEB20171E8600FB81CE /* Debug */ = {
			isa = XCBuildConfiguration;
			buildSettings = {
				ASSETCATALOG_COMPILER_APPICON_NAME = AppIcon;
				"CODE_SIGN_IDENTITY[sdk=iphoneos*]" = "iPhone Developer";
				CODE_SIGN_STYLE = Automatic;
				DEVELOPMENT_TEAM = 735VZ4VN4Q;
				INFOPLIST_FILE = "Dice App/Info.plist";
				LD_RUNPATH_SEARCH_PATHS = "$(inherited) @executable_path/Frameworks";
				PRODUCT_BUNDLE_IDENTIFIER = "AhmedAbuelmagd.Dice-App";
				PRODUCT_NAME = "$(TARGET_NAME)";
				PROVISIONING_PROFILE_SPECIFIER = "";
				SWIFT_VERSION = 4.0;
				TARGETED_DEVICE_FAMILY = "1,2";
			};
			name = Debug;
		};
		31BA0AEC20171E8600FB81CE /* Release */ = {
			isa = XCBuildConfiguration;
			buildSettings = {
				ASSETCATALOG_COMPILER_APPICON_NAME = AppIcon;
				"CODE_SIGN_IDENTITY[sdk=iphoneos*]" = "iPhone Developer";
				CODE_SIGN_STYLE = Automatic;
				DEVELOPMENT_TEAM = 735VZ4VN4Q;
				INFOPLIST_FILE = "Dice App/Info.plist";
				LD_RUNPATH_SEARCH_PATHS = "$(inherited) @executable_path/Frameworks";
				PRODUCT_BUNDLE_IDENTIFIER = "AhmedAbuelmagd.Dice-App";
				PRODUCT_NAME = "$(TARGET_NAME)";
				PROVISIONING_PROFILE_SPECIFIER = "";
				SWIFT_VERSION = 4.0;
				TARGETED_DEVICE_FAMILY = "1,2";
			};
			name = Release;
		};
		31BA0AEE20171E8600FB81CE /* Debug */ = {
			isa = XCBuildConfiguration;
			buildSettings = {
				ALWAYS_EMBED_SWIFT_STANDARD_LIBRARIES = YES;
				BUNDLE_LOADER = "$(TEST_HOST)";
				CODE_SIGN_STYLE = Automatic;
				DEVELOPMENT_TEAM = 2SCDSUMP5Q;
				INFOPLIST_FILE = "Dice AppTests/Info.plist";
				LD_RUNPATH_SEARCH_PATHS = "$(inherited) @executable_path/Frameworks @loader_path/Frameworks";
				PRODUCT_BUNDLE_IDENTIFIER = "AhmedAbuElmagd.Dice-AppTests";
				PRODUCT_NAME = "$(TARGET_NAME)";
				SWIFT_VERSION = 4.0;
				TARGETED_DEVICE_FAMILY = "1,2";
				TEST_HOST = "$(BUILT_PRODUCTS_DIR)/Dice App.app/Dice App";
			};
			name = Debug;
		};
		31BA0AEF20171E8600FB81CE /* Release */ = {
			isa = XCBuildConfiguration;
			buildSettings = {
				ALWAYS_EMBED_SWIFT_STANDARD_LIBRARIES = YES;
				BUNDLE_LOADER = "$(TEST_HOST)";
				CODE_SIGN_STYLE = Automatic;
				DEVELOPMENT_TEAM = 2SCDSUMP5Q;
				INFOPLIST_FILE = "Dice AppTests/Info.plist";
				LD_RUNPATH_SEARCH_PATHS = "$(inherited) @executable_path/Frameworks @loader_path/Frameworks";
				PRODUCT_BUNDLE_IDENTIFIER = "AhmedAbuElmagd.Dice-AppTests";
				PRODUCT_NAME = "$(TARGET_NAME)";
				SWIFT_VERSION = 4.0;
				TARGETED_DEVICE_FAMILY = "1,2";
				TEST_HOST = "$(BUILT_PRODUCTS_DIR)/Dice App.app/Dice App";
			};
			name = Release;
		};
/* End XCBuildConfiguration section */

/* Begin XCConfigurationList section */
		31BA0AC520171E8600FB81CE /* Build configuration list for PBXProject "Dice App" */ = {
			isa = XCConfigurationList;
			buildConfigurations = (
				31BA0AE820171E8600FB81CE /* Debug */,
				31BA0AE920171E8600FB81CE /* Release */,
			);
			defaultConfigurationIsVisible = 0;
			defaultConfigurationName = Release;
		};
		31BA0AEA20171E8600FB81CE /* Build configuration list for PBXNativeTarget "Dice App" */ = {
			isa = XCConfigurationList;
			buildConfigurations = (
				31BA0AEB20171E8600FB81CE /* Debug */,
				31BA0AEC20171E8600FB81CE /* Release */,
			);
			defaultConfigurationIsVisible = 0;
			defaultConfigurationName = Release;
		};
		31BA0AED20171E8600FB81CE /* Build configuration list for PBXNativeTarget "Dice AppTests" */ = {
			isa = XCConfigurationList;
			buildConfigurations = (
				31BA0AEE20171E8600FB81CE /* Debug */,
				31BA0AEF20171E8600FB81CE /* Release */,
			);
			defaultConfigurationIsVisible = 0;
			defaultConfigurationName = Release;
		};
/* End XCConfigurationList section */

/* Begin XCVersionGroup section */
		31BA0AD420171E8600FB81CE /* Dice_App.xcdatamodeld */ = {
			isa = XCVersionGroup;
			children = (
				31BA0AD520171E8600FB81CE /* Dice_App.xcdatamodel */,
			);
			currentVersion = 31BA0AD520171E8600FB81CE /* Dice_App.xcdatamodel */;
			path = Dice_App.xcdatamodeld;
			sourceTree = "<group>";
			versionGroupType = wrapper.xcdatamodel;
		};
/* End XCVersionGroup section */
	};
	rootObject = 31BA0AC220171E8600FB81CE /* Project object */;
}
